
Microsoft Visual Studio Solution File, Format Version 12.00
# Visual Studio 2012
Project("{FAE04EC0-301F-11D3-BF4B-00C04F79EFBC}") = "1.Nosene", "1.Nosene\1.Nosene.csproj", "{58AC08B6-7A69-4696-8410-BF4A49D29FE7}"
EndProject
Project("{FAE04EC0-301F-11D3-BF4B-00C04F79EFBC}") = "2.GadzhetoNaIna", "2.GadzhetoNaIna\2.GadzhetoNaIna.csproj", "{38F51144-8792-4268-8F14-1381DB345E53}"
EndProject
Project("{FAE04EC0-301F-11D3-BF4B-00C04F79EFBC}") = "3.NajPopulqrenPriqtel", "3.NajPopulqrenPriqtel\3.NajPopulqrenPriqtel.csproj", "{9F004D1C-F63D-405D-93F2-49E44882BE0B}"
EndProject
Project("{FAE04EC0-301F-11D3-BF4B-00C04F79EFBC}") = "4.Zaplati", "4.Zaplati\4.Zaplati.csproj", "{C3FF07CD-3133-4818-910B-96A6CB756D51}"
EndProject
Project("{FAE04EC0-301F-11D3-BF4B-00C04F79EFBC}") = "5.RiskPecheliRiskGubi", "5.RiskPecheliRiskGubi\5.RiskPecheliRiskGubi.csproj", "{2F922BD1-5FEC-4F3D-ADEA-66072C1F8BEF}"
EndProject
Project("{FAE04EC0-301F-11D3-BF4B-00C04F79EFBC}") = "6.Kon", "6.Kon\6.Kon.csproj", "{A1387D91-3C03-4EE7-9CA0-11312F52FF56}"
EndProject
Global
	GlobalSection(SolutionConfigurationPlatforms) = preSolution
		Debug|Any CPU = Debug|Any CPU
		Release|Any CPU = Release|Any CPU
	EndGlobalSection
	GlobalSection(ProjectConfigurationPlatforms) = postSolution
		{58AC08B6-7A69-4696-8410-BF4A49D29FE7}.Debug|Any CPU.ActiveCfg = Debug|Any CPU
		{58AC08B6-7A69-4696-8410-BF4A49D29FE7}.Debug|Any CPU.Build.0 = Debug|Any CPU
		{58AC08B6-7A69-4696-8410-BF4A49D29FE7}.Release|Any CPU.ActiveCfg = Release|Any CPU
		{58AC08B6-7A69-4696-8410-BF4A49D29FE7}.Release|Any CPU.Build.0 = Release|Any CPU
		{38F51144-8792-4268-8F14-1381DB345E53}.Debug|Any CPU.ActiveCfg = Debug|Any CPU
		{38F51144-8792-4268-8F14-1381DB345E53}.Debug|Any CPU.Build.0 = Debug|Any CPU
		{38F51144-8792-4268-8F14-1381DB345E53}.Release|Any CPU.ActiveCfg = Release|Any CPU
		{38F51144-8792-4268-8F14-1381DB345E53}.Release|Any CPU.Build.0 = Release|Any CPU
		{9F004D1C-F63D-405D-93F2-49E44882BE0B}.Debug|Any CPU.ActiveCfg = Debug|Any CPU
		{9F004D1C-F63D-405D-93F2-49E44882BE0B}.Debug|Any CPU.Build.0 = Debug|Any CPU
		{9F004D1C-F63D-405D-93F2-49E44882BE0B}.Release|Any CPU.ActiveCfg = Release|Any CPU
		{9F004D1C-F63D-405D-93F2-49E44882BE0B}.Release|Any CPU.Build.0 = Release|Any CPU
		{C3FF07CD-3133-4818-910B-96A6CB756D51}.Debug|Any CPU.ActiveCfg = Debug|Any CPU
		{C3FF07CD-3133-4818-910B-96A6CB756D51}.Debug|Any CPU.Build.0 = Debug|Any CPU
		{C3FF07CD-3133-4818-910B-96A6CB756D51}.Release|Any CPU.ActiveCfg = Release|Any CPU
		{C3FF07CD-3133-4818-910B-96A6CB756D51}.Release|Any CPU.Build.0 = Release|Any CPU
		{2F922BD1-5FEC-4F3D-ADEA-66072C1F8BEF}.Debug|Any CPU.ActiveCfg = Debug|Any CPU
		{2F922BD1-5FEC-4F3D-ADEA-66072C1F8BEF}.Debug|Any CPU.Build.0 = Debug|Any CPU
		{2F922BD1-5FEC-4F3D-ADEA-66072C1F8BEF}.Release|Any CPU.ActiveCfg = Release|Any CPU
		{2F922BD1-5FEC-4F3D-ADEA-66072C1F8BEF}.Release|Any CPU.Build.0 = Release|Any CPU
		{A1387D91-3C03-4EE7-9CA0-11312F52FF56}.Debug|Any CPU.ActiveCfg = Debug|Any CPU
		{A1387D91-3C03-4EE7-9CA0-11312F52FF56}.Debug|Any CPU.Build.0 = Debug|Any CPU
		{A1387D91-3C03-4EE7-9CA0-11312F52FF56}.Release|Any CPU.ActiveCfg = Release|Any CPU
		{A1387D91-3C03-4EE7-9CA0-11312F52FF56}.Release|Any CPU.Build.0 = Release|Any CPU
	EndGlobalSection
	GlobalSection(SolutionProperties) = preSolution
		HideSolutionNode = FALSE
	EndGlobalSection
EndGlobal
