
Microsoft Visual Studio Solution File, Format Version 12.00
# Visual Studio 2012
Project("{FAE04EC0-301F-11D3-BF4B-00C04F79EFBC}") = "2.RiskWinsRiskLoses", "2.RiskWinsRiskLoses\2.RiskWinsRiskLoses.csproj", "{A0E4A5E7-1E81-4648-8FA5-B4E8CB0FD75D}"
EndProject
Project("{FAE04EC0-301F-11D3-BF4B-00C04F79EFBC}") = "5.ConnectAllCities", "5.ConnectAllCities\5.ConnectAllCities.csproj", "{D65D1A6F-4CCE-4943-8613-DF53724653A8}"
EndProject
Project("{FAE04EC0-301F-11D3-BF4B-00C04F79EFBC}") = "1.Events", "1.Events\1.Events.csproj", "{8BB776E6-2A4A-4AA6-8A06-3E8A504A038E}"
EndProject
Global
	GlobalSection(SolutionConfigurationPlatforms) = preSolution
		Debug|Any CPU = Debug|Any CPU
		Release|Any CPU = Release|Any CPU
	EndGlobalSection
	GlobalSection(ProjectConfigurationPlatforms) = postSolution
		{A0E4A5E7-1E81-4648-8FA5-B4E8CB0FD75D}.Debug|Any CPU.ActiveCfg = Debug|Any CPU
		{A0E4A5E7-1E81-4648-8FA5-B4E8CB0FD75D}.Debug|Any CPU.Build.0 = Debug|Any CPU
		{A0E4A5E7-1E81-4648-8FA5-B4E8CB0FD75D}.Release|Any CPU.ActiveCfg = Release|Any CPU
		{A0E4A5E7-1E81-4648-8FA5-B4E8CB0FD75D}.Release|Any CPU.Build.0 = Release|Any CPU
		{D65D1A6F-4CCE-4943-8613-DF53724653A8}.Debug|Any CPU.ActiveCfg = Debug|Any CPU
		{D65D1A6F-4CCE-4943-8613-DF53724653A8}.Debug|Any CPU.Build.0 = Debug|Any CPU
		{D65D1A6F-4CCE-4943-8613-DF53724653A8}.Release|Any CPU.ActiveCfg = Release|Any CPU
		{D65D1A6F-4CCE-4943-8613-DF53724653A8}.Release|Any CPU.Build.0 = Release|Any CPU
		{8BB776E6-2A4A-4AA6-8A06-3E8A504A038E}.Debug|Any CPU.ActiveCfg = Debug|Any CPU
		{8BB776E6-2A4A-4AA6-8A06-3E8A504A038E}.Debug|Any CPU.Build.0 = Debug|Any CPU
		{8BB776E6-2A4A-4AA6-8A06-3E8A504A038E}.Release|Any CPU.ActiveCfg = Release|Any CPU
		{8BB776E6-2A4A-4AA6-8A06-3E8A504A038E}.Release|Any CPU.Build.0 = Release|Any CPU
	EndGlobalSection
	GlobalSection(SolutionProperties) = preSolution
		HideSolutionNode = FALSE
	EndGlobalSection
EndGlobal
