
Microsoft Visual Studio Solution File, Format Version 12.00
# Visual Studio 2012
Project("{FAE04EC0-301F-11D3-BF4B-00C04F79EFBC}") = "1.Sortirane", "1.Sortirane\1.Sortirane.csproj", "{C3DDE446-92FE-4C25-A4CA-DC33D8C71854}"
EndProject
Project("{FAE04EC0-301F-11D3-BF4B-00C04F79EFBC}") = "2.Zadachi", "2.Zadachi\2.Zadachi.csproj", "{FDC848F3-246F-49A4-B4A2-195042FCA580}"
EndProject
Project("{FAE04EC0-301F-11D3-BF4B-00C04F79EFBC}") = "3.Trybi", "3.Trybi\3.Trybi.csproj", "{DAF0521B-2BA8-4EDE-BE26-8AFBA24FD98D}"
EndProject
Project("{FAE04EC0-301F-11D3-BF4B-00C04F79EFBC}") = "4.DzhedajskaMeditaciq", "4.DzhedajskaMeditaciq\4.DzhedajskaMeditaciq.csproj", "{46992AC7-3046-4923-BE42-054D5530ACD6}"
EndProject
Project("{FAE04EC0-301F-11D3-BF4B-00C04F79EFBC}") = "5.Evoliutsiq", "5.Evoliutsiq\5.Evoliutsiq.csproj", "{35BE9683-E128-49B0-82DE-F52735BFBAA0}"
EndProject
Project("{FAE04EC0-301F-11D3-BF4B-00C04F79EFBC}") = "6.Dumi", "6.Dumi\6.Dumi.csproj", "{A7A20D41-4CE8-4B5A-8BD6-EA66D7ADDCD9}"
EndProject
Project("{FAE04EC0-301F-11D3-BF4B-00C04F79EFBC}") = "7.Metro", "7.Metro\7.Metro.csproj", "{4DFA65B1-02F5-4175-B80A-E26BE0EF3C16}"
EndProject
Project("{FAE04EC0-301F-11D3-BF4B-00C04F79EFBC}") = "9.InternetMagazin", "8.InternetMagazin\9.InternetMagazin.csproj", "{B28F49BE-A9D3-45A1-87B2-5FBBD31C3178}"
EndProject
Project("{FAE04EC0-301F-11D3-BF4B-00C04F79EFBC}") = "8.PyrzholenKombineksorator", "9.PyrzholenKombineksorator\8.PyrzholenKombineksorator.csproj", "{C601809F-E7A0-4E88-9BF9-F2B79FE9FE59}"
EndProject
Project("{FAE04EC0-301F-11D3-BF4B-00C04F79EFBC}") = "10.Sybitiq", "10.Sybitiq\10.Sybitiq.csproj", "{D56FE127-8516-439F-AC3B-2DF3E1F238A4}"
EndProject
Global
	GlobalSection(SolutionConfigurationPlatforms) = preSolution
		Debug|Any CPU = Debug|Any CPU
		Release|Any CPU = Release|Any CPU
	EndGlobalSection
	GlobalSection(ProjectConfigurationPlatforms) = postSolution
		{C3DDE446-92FE-4C25-A4CA-DC33D8C71854}.Debug|Any CPU.ActiveCfg = Debug|Any CPU
		{C3DDE446-92FE-4C25-A4CA-DC33D8C71854}.Debug|Any CPU.Build.0 = Debug|Any CPU
		{C3DDE446-92FE-4C25-A4CA-DC33D8C71854}.Release|Any CPU.ActiveCfg = Release|Any CPU
		{C3DDE446-92FE-4C25-A4CA-DC33D8C71854}.Release|Any CPU.Build.0 = Release|Any CPU
		{FDC848F3-246F-49A4-B4A2-195042FCA580}.Debug|Any CPU.ActiveCfg = Debug|Any CPU
		{FDC848F3-246F-49A4-B4A2-195042FCA580}.Debug|Any CPU.Build.0 = Debug|Any CPU
		{FDC848F3-246F-49A4-B4A2-195042FCA580}.Release|Any CPU.ActiveCfg = Release|Any CPU
		{FDC848F3-246F-49A4-B4A2-195042FCA580}.Release|Any CPU.Build.0 = Release|Any CPU
		{DAF0521B-2BA8-4EDE-BE26-8AFBA24FD98D}.Debug|Any CPU.ActiveCfg = Debug|Any CPU
		{DAF0521B-2BA8-4EDE-BE26-8AFBA24FD98D}.Debug|Any CPU.Build.0 = Debug|Any CPU
		{DAF0521B-2BA8-4EDE-BE26-8AFBA24FD98D}.Release|Any CPU.ActiveCfg = Release|Any CPU
		{DAF0521B-2BA8-4EDE-BE26-8AFBA24FD98D}.Release|Any CPU.Build.0 = Release|Any CPU
		{46992AC7-3046-4923-BE42-054D5530ACD6}.Debug|Any CPU.ActiveCfg = Debug|Any CPU
		{46992AC7-3046-4923-BE42-054D5530ACD6}.Debug|Any CPU.Build.0 = Debug|Any CPU
		{46992AC7-3046-4923-BE42-054D5530ACD6}.Release|Any CPU.ActiveCfg = Release|Any CPU
		{46992AC7-3046-4923-BE42-054D5530ACD6}.Release|Any CPU.Build.0 = Release|Any CPU
		{35BE9683-E128-49B0-82DE-F52735BFBAA0}.Debug|Any CPU.ActiveCfg = Debug|Any CPU
		{35BE9683-E128-49B0-82DE-F52735BFBAA0}.Debug|Any CPU.Build.0 = Debug|Any CPU
		{35BE9683-E128-49B0-82DE-F52735BFBAA0}.Release|Any CPU.ActiveCfg = Release|Any CPU
		{35BE9683-E128-49B0-82DE-F52735BFBAA0}.Release|Any CPU.Build.0 = Release|Any CPU
		{A7A20D41-4CE8-4B5A-8BD6-EA66D7ADDCD9}.Debug|Any CPU.ActiveCfg = Debug|Any CPU
		{A7A20D41-4CE8-4B5A-8BD6-EA66D7ADDCD9}.Debug|Any CPU.Build.0 = Debug|Any CPU
		{A7A20D41-4CE8-4B5A-8BD6-EA66D7ADDCD9}.Release|Any CPU.ActiveCfg = Release|Any CPU
		{A7A20D41-4CE8-4B5A-8BD6-EA66D7ADDCD9}.Release|Any CPU.Build.0 = Release|Any CPU
		{4DFA65B1-02F5-4175-B80A-E26BE0EF3C16}.Debug|Any CPU.ActiveCfg = Debug|Any CPU
		{4DFA65B1-02F5-4175-B80A-E26BE0EF3C16}.Debug|Any CPU.Build.0 = Debug|Any CPU
		{4DFA65B1-02F5-4175-B80A-E26BE0EF3C16}.Release|Any CPU.ActiveCfg = Release|Any CPU
		{4DFA65B1-02F5-4175-B80A-E26BE0EF3C16}.Release|Any CPU.Build.0 = Release|Any CPU
		{B28F49BE-A9D3-45A1-87B2-5FBBD31C3178}.Debug|Any CPU.ActiveCfg = Debug|Any CPU
		{B28F49BE-A9D3-45A1-87B2-5FBBD31C3178}.Debug|Any CPU.Build.0 = Debug|Any CPU
		{B28F49BE-A9D3-45A1-87B2-5FBBD31C3178}.Release|Any CPU.ActiveCfg = Release|Any CPU
		{B28F49BE-A9D3-45A1-87B2-5FBBD31C3178}.Release|Any CPU.Build.0 = Release|Any CPU
		{C601809F-E7A0-4E88-9BF9-F2B79FE9FE59}.Debug|Any CPU.ActiveCfg = Debug|Any CPU
		{C601809F-E7A0-4E88-9BF9-F2B79FE9FE59}.Debug|Any CPU.Build.0 = Debug|Any CPU
		{C601809F-E7A0-4E88-9BF9-F2B79FE9FE59}.Release|Any CPU.ActiveCfg = Release|Any CPU
		{C601809F-E7A0-4E88-9BF9-F2B79FE9FE59}.Release|Any CPU.Build.0 = Release|Any CPU
		{D56FE127-8516-439F-AC3B-2DF3E1F238A4}.Debug|Any CPU.ActiveCfg = Debug|Any CPU
		{D56FE127-8516-439F-AC3B-2DF3E1F238A4}.Debug|Any CPU.Build.0 = Debug|Any CPU
		{D56FE127-8516-439F-AC3B-2DF3E1F238A4}.Release|Any CPU.ActiveCfg = Release|Any CPU
		{D56FE127-8516-439F-AC3B-2DF3E1F238A4}.Release|Any CPU.Build.0 = Release|Any CPU
	EndGlobalSection
	GlobalSection(SolutionProperties) = preSolution
		HideSolutionNode = FALSE
	EndGlobalSection
EndGlobal
