
Microsoft Visual Studio Solution File, Format Version 12.00
# Visual Studio 2012
Project("{FAE04EC0-301F-11D3-BF4B-00C04F79EFBC}") = "1.Sortirane", "1.Sortirane\1.Sortirane.csproj", "{C3DDE446-92FE-4C25-A4CA-DC33D8C71854}"
EndProject
Project("{FAE04EC0-301F-11D3-BF4B-00C04F79EFBC}") = "2.Zadachi", "2.Zadachi\2.Zadachi.csproj", "{FDC848F3-246F-49A4-B4A2-195042FCA580}"
EndProject
Global
	GlobalSection(SolutionConfigurationPlatforms) = preSolution
		Debug|Any CPU = Debug|Any CPU
		Release|Any CPU = Release|Any CPU
	EndGlobalSection
	GlobalSection(ProjectConfigurationPlatforms) = postSolution
		{C3DDE446-92FE-4C25-A4CA-DC33D8C71854}.Debug|Any CPU.ActiveCfg = Debug|Any CPU
		{C3DDE446-92FE-4C25-A4CA-DC33D8C71854}.Debug|Any CPU.Build.0 = Debug|Any CPU
		{C3DDE446-92FE-4C25-A4CA-DC33D8C71854}.Release|Any CPU.ActiveCfg = Release|Any CPU
		{C3DDE446-92FE-4C25-A4CA-DC33D8C71854}.Release|Any CPU.Build.0 = Release|Any CPU
		{FDC848F3-246F-49A4-B4A2-195042FCA580}.Debug|Any CPU.ActiveCfg = Debug|Any CPU
		{FDC848F3-246F-49A4-B4A2-195042FCA580}.Debug|Any CPU.Build.0 = Debug|Any CPU
		{FDC848F3-246F-49A4-B4A2-195042FCA580}.Release|Any CPU.ActiveCfg = Release|Any CPU
		{FDC848F3-246F-49A4-B4A2-195042FCA580}.Release|Any CPU.Build.0 = Release|Any CPU
	EndGlobalSection
	GlobalSection(SolutionProperties) = preSolution
		HideSolutionNode = FALSE
	EndGlobalSection
EndGlobal
