
Microsoft Visual Studio Solution File, Format Version 12.00
# Visual Studio 2012
Project("{FAE04EC0-301F-11D3-BF4B-00C04F79EFBC}") = "1.Abstraction", "1.Abstraction\1.Abstraction.csproj", "{5649B003-5E89-4677-BD2C-20E59EB363F1}"
EndProject
Project("{FAE04EC0-301F-11D3-BF4B-00C04F79EFBC}") = "2.CohesionAndCoupling", "2.CohesionAndCoupling\2.CohesionAndCoupling.csproj", "{61EBE39B-B0A0-445F-8F6F-1197C5A3C3D0}"
EndProject
Project("{FAE04EC0-301F-11D3-BF4B-00C04F79EFBC}") = "3.InheritanceAndPolymorphism", "3.InheritanceAndPolymorphism\3.InheritanceAndPolymorphism.csproj", "{FEB56915-A849-4755-A483-426498FD3DD3}"
EndProject
Global
	GlobalSection(SolutionConfigurationPlatforms) = preSolution
		Debug|Any CPU = Debug|Any CPU
		Release|Any CPU = Release|Any CPU
	EndGlobalSection
	GlobalSection(ProjectConfigurationPlatforms) = postSolution
		{5649B003-5E89-4677-BD2C-20E59EB363F1}.Debug|Any CPU.ActiveCfg = Debug|Any CPU
		{5649B003-5E89-4677-BD2C-20E59EB363F1}.Debug|Any CPU.Build.0 = Debug|Any CPU
		{5649B003-5E89-4677-BD2C-20E59EB363F1}.Release|Any CPU.ActiveCfg = Release|Any CPU
		{5649B003-5E89-4677-BD2C-20E59EB363F1}.Release|Any CPU.Build.0 = Release|Any CPU
		{61EBE39B-B0A0-445F-8F6F-1197C5A3C3D0}.Debug|Any CPU.ActiveCfg = Debug|Any CPU
		{61EBE39B-B0A0-445F-8F6F-1197C5A3C3D0}.Debug|Any CPU.Build.0 = Debug|Any CPU
		{61EBE39B-B0A0-445F-8F6F-1197C5A3C3D0}.Release|Any CPU.ActiveCfg = Release|Any CPU
		{61EBE39B-B0A0-445F-8F6F-1197C5A3C3D0}.Release|Any CPU.Build.0 = Release|Any CPU
		{FEB56915-A849-4755-A483-426498FD3DD3}.Debug|Any CPU.ActiveCfg = Debug|Any CPU
		{FEB56915-A849-4755-A483-426498FD3DD3}.Debug|Any CPU.Build.0 = Debug|Any CPU
		{FEB56915-A849-4755-A483-426498FD3DD3}.Release|Any CPU.ActiveCfg = Release|Any CPU
		{FEB56915-A849-4755-A483-426498FD3DD3}.Release|Any CPU.Build.0 = Release|Any CPU
	EndGlobalSection
	GlobalSection(SolutionProperties) = preSolution
		HideSolutionNode = FALSE
	EndGlobalSection
EndGlobal
