
Microsoft Visual Studio Solution File, Format Version 12.00
# Visual Studio 2012
Project("{FAE04EC0-301F-11D3-BF4B-00C04F79EFBC}") = "1.Shapes", "1.Shapes\1.Shapes.csproj", "{7565565E-B967-4675-84C1-5D9BB03AF626}"
EndProject
Project("{FAE04EC0-301F-11D3-BF4B-00C04F79EFBC}") = "2.Bank", "2.Bank\2.Bank.csproj", "{DB093CBA-2B5E-4FD3-BB73-8E3B8DE8BD22}"
EndProject
Project("{FAE04EC0-301F-11D3-BF4B-00C04F79EFBC}") = "3.Contract", "3.Contract\3.Contract.csproj", "{101E70E4-4C02-4165-9348-BC3E705487C4}"
EndProject
Global
	GlobalSection(SolutionConfigurationPlatforms) = preSolution
		Debug|Any CPU = Debug|Any CPU
		Release|Any CPU = Release|Any CPU
	EndGlobalSection
	GlobalSection(ProjectConfigurationPlatforms) = postSolution
		{7565565E-B967-4675-84C1-5D9BB03AF626}.Debug|Any CPU.ActiveCfg = Debug|Any CPU
		{7565565E-B967-4675-84C1-5D9BB03AF626}.Debug|Any CPU.Build.0 = Debug|Any CPU
		{7565565E-B967-4675-84C1-5D9BB03AF626}.Release|Any CPU.ActiveCfg = Release|Any CPU
		{7565565E-B967-4675-84C1-5D9BB03AF626}.Release|Any CPU.Build.0 = Release|Any CPU
		{DB093CBA-2B5E-4FD3-BB73-8E3B8DE8BD22}.Debug|Any CPU.ActiveCfg = Debug|Any CPU
		{DB093CBA-2B5E-4FD3-BB73-8E3B8DE8BD22}.Debug|Any CPU.Build.0 = Debug|Any CPU
		{DB093CBA-2B5E-4FD3-BB73-8E3B8DE8BD22}.Release|Any CPU.ActiveCfg = Release|Any CPU
		{DB093CBA-2B5E-4FD3-BB73-8E3B8DE8BD22}.Release|Any CPU.Build.0 = Release|Any CPU
		{101E70E4-4C02-4165-9348-BC3E705487C4}.Debug|Any CPU.ActiveCfg = Debug|Any CPU
		{101E70E4-4C02-4165-9348-BC3E705487C4}.Debug|Any CPU.Build.0 = Debug|Any CPU
		{101E70E4-4C02-4165-9348-BC3E705487C4}.Release|Any CPU.ActiveCfg = Release|Any CPU
		{101E70E4-4C02-4165-9348-BC3E705487C4}.Release|Any CPU.Build.0 = Release|Any CPU
	EndGlobalSection
	GlobalSection(SolutionProperties) = preSolution
		HideSolutionNode = FALSE
	EndGlobalSection
EndGlobal
