
Microsoft Visual Studio Solution File, Format Version 12.00
# Visual Studio 2012
Project("{FAE04EC0-301F-11D3-BF4B-00C04F79EFBC}") = "1.DOMTree", "1.DOMTree\1.DOMTree.csproj", "{AD36EAD0-7C6A-472E-BB40-EBC596FD54E5}"
EndProject
Global
	GlobalSection(SolutionConfigurationPlatforms) = preSolution
		Debug|Any CPU = Debug|Any CPU
		Release|Any CPU = Release|Any CPU
	EndGlobalSection
	GlobalSection(ProjectConfigurationPlatforms) = postSolution
		{AD36EAD0-7C6A-472E-BB40-EBC596FD54E5}.Debug|Any CPU.ActiveCfg = Debug|Any CPU
		{AD36EAD0-7C6A-472E-BB40-EBC596FD54E5}.Debug|Any CPU.Build.0 = Debug|Any CPU
		{AD36EAD0-7C6A-472E-BB40-EBC596FD54E5}.Release|Any CPU.ActiveCfg = Release|Any CPU
		{AD36EAD0-7C6A-472E-BB40-EBC596FD54E5}.Release|Any CPU.Build.0 = Release|Any CPU
	EndGlobalSection
	GlobalSection(SolutionProperties) = preSolution
		HideSolutionNode = FALSE
	EndGlobalSection
EndGlobal
