
Microsoft Visual Studio Solution File, Format Version 12.00
# Visual Studio 2012
Project("{FAE04EC0-301F-11D3-BF4B-00C04F79EFBC}") = "1.Tasks", "1.Tasks\1.Tasks.csproj", "{258CE402-5743-40E7-A45B-ADB18A2FBD0D}"
EndProject
Project("{FAE04EC0-301F-11D3-BF4B-00C04F79EFBC}") = "4.FreeContent", "4.FreeContent\4.FreeContent.csproj", "{D059DA1A-078B-473B-8E43-6D93AF4FBBFF}"
EndProject
Project("{FAE04EC0-301F-11D3-BF4B-00C04F79EFBC}") = "2.Terran", "2.Terran\2.Terran.csproj", "{E8CAF949-9ACD-4553-92B1-7A8FF3597170}"
EndProject
Global
	GlobalSection(SolutionConfigurationPlatforms) = preSolution
		Debug|Any CPU = Debug|Any CPU
		Release|Any CPU = Release|Any CPU
	EndGlobalSection
	GlobalSection(ProjectConfigurationPlatforms) = postSolution
		{258CE402-5743-40E7-A45B-ADB18A2FBD0D}.Debug|Any CPU.ActiveCfg = Debug|Any CPU
		{258CE402-5743-40E7-A45B-ADB18A2FBD0D}.Debug|Any CPU.Build.0 = Debug|Any CPU
		{258CE402-5743-40E7-A45B-ADB18A2FBD0D}.Release|Any CPU.ActiveCfg = Release|Any CPU
		{258CE402-5743-40E7-A45B-ADB18A2FBD0D}.Release|Any CPU.Build.0 = Release|Any CPU
		{D059DA1A-078B-473B-8E43-6D93AF4FBBFF}.Debug|Any CPU.ActiveCfg = Debug|Any CPU
		{D059DA1A-078B-473B-8E43-6D93AF4FBBFF}.Debug|Any CPU.Build.0 = Debug|Any CPU
		{D059DA1A-078B-473B-8E43-6D93AF4FBBFF}.Release|Any CPU.ActiveCfg = Release|Any CPU
		{D059DA1A-078B-473B-8E43-6D93AF4FBBFF}.Release|Any CPU.Build.0 = Release|Any CPU
		{E8CAF949-9ACD-4553-92B1-7A8FF3597170}.Debug|Any CPU.ActiveCfg = Debug|Any CPU
		{E8CAF949-9ACD-4553-92B1-7A8FF3597170}.Debug|Any CPU.Build.0 = Debug|Any CPU
		{E8CAF949-9ACD-4553-92B1-7A8FF3597170}.Release|Any CPU.ActiveCfg = Release|Any CPU
		{E8CAF949-9ACD-4553-92B1-7A8FF3597170}.Release|Any CPU.Build.0 = Release|Any CPU
	EndGlobalSection
	GlobalSection(SolutionProperties) = preSolution
		HideSolutionNode = FALSE
	EndGlobalSection
EndGlobal
