
Microsoft Visual Studio Solution File, Format Version 12.00
# Visual Studio 2012
Project("{FAE04EC0-301F-11D3-BF4B-00C04F79EFBC}") = "1", "1.\1.csproj", "{6F4ACC3C-987A-4293-89CF-14680FF85F83}"
EndProject
Project("{FAE04EC0-301F-11D3-BF4B-00C04F79EFBC}") = "2", "2\2.csproj", "{BC59D467-8CCA-4146-ACDB-41C6605A4454}"
EndProject
Project("{FAE04EC0-301F-11D3-BF4B-00C04F79EFBC}") = "3", "3\3.csproj", "{9430FB8A-9773-4EE0-99C7-201371C64C9B}"
EndProject
Project("{FAE04EC0-301F-11D3-BF4B-00C04F79EFBC}") = "4", "4\4.csproj", "{E1111D99-3C25-4B66-86C6-D23F64B35B79}"
EndProject
Project("{FAE04EC0-301F-11D3-BF4B-00C04F79EFBC}") = "5", "5\5.csproj", "{CAF81BEA-85CD-4370-8A5E-D5876220D6C3}"
EndProject
Global
	GlobalSection(SolutionConfigurationPlatforms) = preSolution
		Debug|Any CPU = Debug|Any CPU
		Release|Any CPU = Release|Any CPU
	EndGlobalSection
	GlobalSection(ProjectConfigurationPlatforms) = postSolution
		{6F4ACC3C-987A-4293-89CF-14680FF85F83}.Debug|Any CPU.ActiveCfg = Debug|Any CPU
		{6F4ACC3C-987A-4293-89CF-14680FF85F83}.Debug|Any CPU.Build.0 = Debug|Any CPU
		{6F4ACC3C-987A-4293-89CF-14680FF85F83}.Release|Any CPU.ActiveCfg = Release|Any CPU
		{6F4ACC3C-987A-4293-89CF-14680FF85F83}.Release|Any CPU.Build.0 = Release|Any CPU
		{BC59D467-8CCA-4146-ACDB-41C6605A4454}.Debug|Any CPU.ActiveCfg = Debug|Any CPU
		{BC59D467-8CCA-4146-ACDB-41C6605A4454}.Debug|Any CPU.Build.0 = Debug|Any CPU
		{BC59D467-8CCA-4146-ACDB-41C6605A4454}.Release|Any CPU.ActiveCfg = Release|Any CPU
		{BC59D467-8CCA-4146-ACDB-41C6605A4454}.Release|Any CPU.Build.0 = Release|Any CPU
		{9430FB8A-9773-4EE0-99C7-201371C64C9B}.Debug|Any CPU.ActiveCfg = Debug|Any CPU
		{9430FB8A-9773-4EE0-99C7-201371C64C9B}.Debug|Any CPU.Build.0 = Debug|Any CPU
		{9430FB8A-9773-4EE0-99C7-201371C64C9B}.Release|Any CPU.ActiveCfg = Release|Any CPU
		{9430FB8A-9773-4EE0-99C7-201371C64C9B}.Release|Any CPU.Build.0 = Release|Any CPU
		{E1111D99-3C25-4B66-86C6-D23F64B35B79}.Debug|Any CPU.ActiveCfg = Debug|Any CPU
		{E1111D99-3C25-4B66-86C6-D23F64B35B79}.Debug|Any CPU.Build.0 = Debug|Any CPU
		{E1111D99-3C25-4B66-86C6-D23F64B35B79}.Release|Any CPU.ActiveCfg = Release|Any CPU
		{E1111D99-3C25-4B66-86C6-D23F64B35B79}.Release|Any CPU.Build.0 = Release|Any CPU
		{CAF81BEA-85CD-4370-8A5E-D5876220D6C3}.Debug|Any CPU.ActiveCfg = Debug|Any CPU
		{CAF81BEA-85CD-4370-8A5E-D5876220D6C3}.Debug|Any CPU.Build.0 = Debug|Any CPU
		{CAF81BEA-85CD-4370-8A5E-D5876220D6C3}.Release|Any CPU.ActiveCfg = Release|Any CPU
		{CAF81BEA-85CD-4370-8A5E-D5876220D6C3}.Release|Any CPU.Build.0 = Release|Any CPU
	EndGlobalSection
	GlobalSection(SolutionProperties) = preSolution
		HideSolutionNode = FALSE
	EndGlobalSection
EndGlobal
