
Microsoft Visual Studio Solution File, Format Version 12.00
# Visual Studio 2012
Project("{FAE04EC0-301F-11D3-BF4B-00C04F79EFBC}") = "1.DurankulakNumbers", "1.DurankulakNumbers\1.DurankulakNumbers.csproj", "{CDD62BCF-42D3-42EC-80C9-41493B95FE25}"
EndProject
Project("{FAE04EC0-301F-11D3-BF4B-00C04F79EFBC}") = "2.JoroTheRabbit", "2.JoroTheRabbit\2.JoroTheRabbit.csproj", "{5CBF2870-9307-4C1D-904E-DACD88B96DB2}"
EndProject
Project("{FAE04EC0-301F-11D3-BF4B-00C04F79EFBC}") = "3.Laser", "3.Laser\3.Laser.csproj", "{689A6657-D2F7-4E81-9A63-6AEC23634308}"
EndProject
Project("{FAE04EC0-301F-11D3-BF4B-00C04F79EFBC}") = "4.CSharpBrackets", "4.CSharpBrackets\4.CSharpBrackets.csproj", "{37467471-01A5-4CEE-80E8-E172783CB6E9}"
EndProject
Project("{FAE04EC0-301F-11D3-BF4B-00C04F79EFBC}") = "5.TwoIsBetterThanOne", "5.TwoIsBetterThanOne\5.TwoIsBetterThanOne.csproj", "{3AEB7093-2768-423A-A460-8D3299D84B5F}"
EndProject
Global
	GlobalSection(SolutionConfigurationPlatforms) = preSolution
		Debug|Any CPU = Debug|Any CPU
		Release|Any CPU = Release|Any CPU
	EndGlobalSection
	GlobalSection(ProjectConfigurationPlatforms) = postSolution
		{CDD62BCF-42D3-42EC-80C9-41493B95FE25}.Debug|Any CPU.ActiveCfg = Debug|Any CPU
		{CDD62BCF-42D3-42EC-80C9-41493B95FE25}.Debug|Any CPU.Build.0 = Debug|Any CPU
		{CDD62BCF-42D3-42EC-80C9-41493B95FE25}.Release|Any CPU.ActiveCfg = Release|Any CPU
		{CDD62BCF-42D3-42EC-80C9-41493B95FE25}.Release|Any CPU.Build.0 = Release|Any CPU
		{5CBF2870-9307-4C1D-904E-DACD88B96DB2}.Debug|Any CPU.ActiveCfg = Debug|Any CPU
		{5CBF2870-9307-4C1D-904E-DACD88B96DB2}.Debug|Any CPU.Build.0 = Debug|Any CPU
		{5CBF2870-9307-4C1D-904E-DACD88B96DB2}.Release|Any CPU.ActiveCfg = Release|Any CPU
		{5CBF2870-9307-4C1D-904E-DACD88B96DB2}.Release|Any CPU.Build.0 = Release|Any CPU
		{689A6657-D2F7-4E81-9A63-6AEC23634308}.Debug|Any CPU.ActiveCfg = Debug|Any CPU
		{689A6657-D2F7-4E81-9A63-6AEC23634308}.Debug|Any CPU.Build.0 = Debug|Any CPU
		{689A6657-D2F7-4E81-9A63-6AEC23634308}.Release|Any CPU.ActiveCfg = Release|Any CPU
		{689A6657-D2F7-4E81-9A63-6AEC23634308}.Release|Any CPU.Build.0 = Release|Any CPU
		{37467471-01A5-4CEE-80E8-E172783CB6E9}.Debug|Any CPU.ActiveCfg = Debug|Any CPU
		{37467471-01A5-4CEE-80E8-E172783CB6E9}.Debug|Any CPU.Build.0 = Debug|Any CPU
		{37467471-01A5-4CEE-80E8-E172783CB6E9}.Release|Any CPU.ActiveCfg = Release|Any CPU
		{37467471-01A5-4CEE-80E8-E172783CB6E9}.Release|Any CPU.Build.0 = Release|Any CPU
		{3AEB7093-2768-423A-A460-8D3299D84B5F}.Debug|Any CPU.ActiveCfg = Debug|Any CPU
		{3AEB7093-2768-423A-A460-8D3299D84B5F}.Debug|Any CPU.Build.0 = Debug|Any CPU
		{3AEB7093-2768-423A-A460-8D3299D84B5F}.Release|Any CPU.ActiveCfg = Release|Any CPU
		{3AEB7093-2768-423A-A460-8D3299D84B5F}.Release|Any CPU.Build.0 = Release|Any CPU
	EndGlobalSection
	GlobalSection(SolutionProperties) = preSolution
		HideSolutionNode = FALSE
	EndGlobalSection
EndGlobal
