
Microsoft Visual Studio Solution File, Format Version 12.00
# Visual Studio 2012
Project("{FAE04EC0-301F-11D3-BF4B-00C04F79EFBC}") = "6.PrintJasonZhekov", "6.PrintJasonZhekov\6.PrintJasonZhekov.csproj", "{DB1B7A2E-0CBC-4E3E-9B99-D515AF9ABAD7}"
EndProject
Project("{FAE04EC0-301F-11D3-BF4B-00C04F79EFBC}") = "7.PrintCurrentDateAndTime", "7.PrintCurrentDateAndTime\7.PrintCurrentDateAndTime.csproj", "{BB50CA55-E1E1-41DD-925B-F0215649D75E}"
EndProject
Project("{FAE04EC0-301F-11D3-BF4B-00C04F79EFBC}") = "8.PrintSquareOf12345", "8.PrintSquareOf12345\8.PrintSquareOf12345.csproj", "{A194BCD9-F377-4953-B9DA-93E7B54F1D95}"
EndProject
Project("{FAE04EC0-301F-11D3-BF4B-00C04F79EFBC}") = "9.PrintSequence", "9.PrintSequence\9.PrintSequence.csproj", "{F9BCB6EA-B128-4DDB-AC03-9C0788CC8DA4}"
EndProject
Project("{FAE04EC0-301F-11D3-BF4B-00C04F79EFBC}") = "12.CalculateAge", "12.CalculateAge\12.CalculateAge.csproj", "{7FE68AB7-0B66-43C5-ACAB-B5D7C7D7586F}"
EndProject
Project("{FAE04EC0-301F-11D3-BF4B-00C04F79EFBC}") = "2.HelloCSharp", "2.HelloCSharp\2.HelloCSharp.csproj", "{5D8D149A-7CFF-4B78-B69E-6125836BF517}"
EndProject
Project("{FAE04EC0-301F-11D3-BF4B-00C04F79EFBC}") = "3.HelloJason", "3.HelloJason\3.HelloJason.csproj", "{3BAB5F5D-ADAD-4EA5-A61E-D50C9BA1B0A4}"
EndProject
Project("{FAE04EC0-301F-11D3-BF4B-00C04F79EFBC}") = "4.PrintNumbers", "4.PrintNumbers\4.PrintNumbers.csproj", "{361A2F7E-3840-4F1C-ABB9-A6868507FDFD}"
EndProject
Global
	GlobalSection(SolutionConfigurationPlatforms) = preSolution
		Debug|Any CPU = Debug|Any CPU
		Release|Any CPU = Release|Any CPU
	EndGlobalSection
	GlobalSection(ProjectConfigurationPlatforms) = postSolution
		{DB1B7A2E-0CBC-4E3E-9B99-D515AF9ABAD7}.Debug|Any CPU.ActiveCfg = Debug|Any CPU
		{DB1B7A2E-0CBC-4E3E-9B99-D515AF9ABAD7}.Debug|Any CPU.Build.0 = Debug|Any CPU
		{DB1B7A2E-0CBC-4E3E-9B99-D515AF9ABAD7}.Release|Any CPU.ActiveCfg = Release|Any CPU
		{DB1B7A2E-0CBC-4E3E-9B99-D515AF9ABAD7}.Release|Any CPU.Build.0 = Release|Any CPU
		{BB50CA55-E1E1-41DD-925B-F0215649D75E}.Debug|Any CPU.ActiveCfg = Debug|Any CPU
		{BB50CA55-E1E1-41DD-925B-F0215649D75E}.Debug|Any CPU.Build.0 = Debug|Any CPU
		{BB50CA55-E1E1-41DD-925B-F0215649D75E}.Release|Any CPU.ActiveCfg = Release|Any CPU
		{BB50CA55-E1E1-41DD-925B-F0215649D75E}.Release|Any CPU.Build.0 = Release|Any CPU
		{A194BCD9-F377-4953-B9DA-93E7B54F1D95}.Debug|Any CPU.ActiveCfg = Debug|Any CPU
		{A194BCD9-F377-4953-B9DA-93E7B54F1D95}.Debug|Any CPU.Build.0 = Debug|Any CPU
		{A194BCD9-F377-4953-B9DA-93E7B54F1D95}.Release|Any CPU.ActiveCfg = Release|Any CPU
		{A194BCD9-F377-4953-B9DA-93E7B54F1D95}.Release|Any CPU.Build.0 = Release|Any CPU
		{F9BCB6EA-B128-4DDB-AC03-9C0788CC8DA4}.Debug|Any CPU.ActiveCfg = Debug|Any CPU
		{F9BCB6EA-B128-4DDB-AC03-9C0788CC8DA4}.Debug|Any CPU.Build.0 = Debug|Any CPU
		{F9BCB6EA-B128-4DDB-AC03-9C0788CC8DA4}.Release|Any CPU.ActiveCfg = Release|Any CPU
		{F9BCB6EA-B128-4DDB-AC03-9C0788CC8DA4}.Release|Any CPU.Build.0 = Release|Any CPU
		{7FE68AB7-0B66-43C5-ACAB-B5D7C7D7586F}.Debug|Any CPU.ActiveCfg = Debug|Any CPU
		{7FE68AB7-0B66-43C5-ACAB-B5D7C7D7586F}.Debug|Any CPU.Build.0 = Debug|Any CPU
		{7FE68AB7-0B66-43C5-ACAB-B5D7C7D7586F}.Release|Any CPU.ActiveCfg = Release|Any CPU
		{7FE68AB7-0B66-43C5-ACAB-B5D7C7D7586F}.Release|Any CPU.Build.0 = Release|Any CPU
		{5D8D149A-7CFF-4B78-B69E-6125836BF517}.Debug|Any CPU.ActiveCfg = Debug|Any CPU
		{5D8D149A-7CFF-4B78-B69E-6125836BF517}.Debug|Any CPU.Build.0 = Debug|Any CPU
		{5D8D149A-7CFF-4B78-B69E-6125836BF517}.Release|Any CPU.ActiveCfg = Release|Any CPU
		{5D8D149A-7CFF-4B78-B69E-6125836BF517}.Release|Any CPU.Build.0 = Release|Any CPU
		{3BAB5F5D-ADAD-4EA5-A61E-D50C9BA1B0A4}.Debug|Any CPU.ActiveCfg = Debug|Any CPU
		{3BAB5F5D-ADAD-4EA5-A61E-D50C9BA1B0A4}.Debug|Any CPU.Build.0 = Debug|Any CPU
		{3BAB5F5D-ADAD-4EA5-A61E-D50C9BA1B0A4}.Release|Any CPU.ActiveCfg = Release|Any CPU
		{3BAB5F5D-ADAD-4EA5-A61E-D50C9BA1B0A4}.Release|Any CPU.Build.0 = Release|Any CPU
		{361A2F7E-3840-4F1C-ABB9-A6868507FDFD}.Debug|Any CPU.ActiveCfg = Debug|Any CPU
		{361A2F7E-3840-4F1C-ABB9-A6868507FDFD}.Debug|Any CPU.Build.0 = Debug|Any CPU
		{361A2F7E-3840-4F1C-ABB9-A6868507FDFD}.Release|Any CPU.ActiveCfg = Release|Any CPU
		{361A2F7E-3840-4F1C-ABB9-A6868507FDFD}.Release|Any CPU.Build.0 = Release|Any CPU
	EndGlobalSection
	GlobalSection(SolutionProperties) = preSolution
		HideSolutionNode = FALSE
	EndGlobalSection
EndGlobal
