
Microsoft Visual Studio Solution File, Format Version 12.00
# Visual Studio 2012
Project("{FAE04EC0-301F-11D3-BF4B-00C04F79EFBC}") = "1.Assertions", "1.Assertions\1.Assertions.csproj", "{275037A4-4174-4E25-B43B-41931CD072EE}"
EndProject
Project("{FAE04EC0-301F-11D3-BF4B-00C04F79EFBC}") = "2.Exceptions", "2.Exceptions\2.Exceptions.csproj", "{255DDA61-D15E-4DD5-940F-CA7DF452890F}"
EndProject
Global
	GlobalSection(SolutionConfigurationPlatforms) = preSolution
		Debug|Any CPU = Debug|Any CPU
		Release|Any CPU = Release|Any CPU
	EndGlobalSection
	GlobalSection(ProjectConfigurationPlatforms) = postSolution
		{275037A4-4174-4E25-B43B-41931CD072EE}.Debug|Any CPU.ActiveCfg = Debug|Any CPU
		{275037A4-4174-4E25-B43B-41931CD072EE}.Debug|Any CPU.Build.0 = Debug|Any CPU
		{275037A4-4174-4E25-B43B-41931CD072EE}.Release|Any CPU.ActiveCfg = Release|Any CPU
		{275037A4-4174-4E25-B43B-41931CD072EE}.Release|Any CPU.Build.0 = Release|Any CPU
		{255DDA61-D15E-4DD5-940F-CA7DF452890F}.Debug|Any CPU.ActiveCfg = Debug|Any CPU
		{255DDA61-D15E-4DD5-940F-CA7DF452890F}.Debug|Any CPU.Build.0 = Debug|Any CPU
		{255DDA61-D15E-4DD5-940F-CA7DF452890F}.Release|Any CPU.ActiveCfg = Release|Any CPU
		{255DDA61-D15E-4DD5-940F-CA7DF452890F}.Release|Any CPU.Build.0 = Release|Any CPU
	EndGlobalSection
	GlobalSection(SolutionProperties) = preSolution
		HideSolutionNode = FALSE
	EndGlobalSection
EndGlobal
