
Microsoft Visual Studio Solution File, Format Version 12.00
# Visual Studio 2012
Project("{FAE04EC0-301F-11D3-BF4B-00C04F79EFBC}") = "2.T4Template", "2.T4Template\2.T4Template.csproj", "{46ABFD95-E613-4374-B943-E4C4FD4EE4A5}"
EndProject
Project("{FAE04EC0-301F-11D3-BF4B-00C04F79EFBC}") = "1.Log4Net", "1.Log4Net\1.Log4Net.csproj", "{FCA4012C-09D9-4711-928A-D6FAF6A58DD1}"
EndProject
Global
	GlobalSection(SolutionConfigurationPlatforms) = preSolution
		Debug|Any CPU = Debug|Any CPU
		Release|Any CPU = Release|Any CPU
	EndGlobalSection
	GlobalSection(ProjectConfigurationPlatforms) = postSolution
		{46ABFD95-E613-4374-B943-E4C4FD4EE4A5}.Debug|Any CPU.ActiveCfg = Debug|Any CPU
		{46ABFD95-E613-4374-B943-E4C4FD4EE4A5}.Debug|Any CPU.Build.0 = Debug|Any CPU
		{46ABFD95-E613-4374-B943-E4C4FD4EE4A5}.Release|Any CPU.ActiveCfg = Release|Any CPU
		{46ABFD95-E613-4374-B943-E4C4FD4EE4A5}.Release|Any CPU.Build.0 = Release|Any CPU
		{FCA4012C-09D9-4711-928A-D6FAF6A58DD1}.Debug|Any CPU.ActiveCfg = Debug|Any CPU
		{FCA4012C-09D9-4711-928A-D6FAF6A58DD1}.Debug|Any CPU.Build.0 = Debug|Any CPU
		{FCA4012C-09D9-4711-928A-D6FAF6A58DD1}.Release|Any CPU.ActiveCfg = Release|Any CPU
		{FCA4012C-09D9-4711-928A-D6FAF6A58DD1}.Release|Any CPU.Build.0 = Release|Any CPU
	EndGlobalSection
	GlobalSection(SolutionProperties) = preSolution
		HideSolutionNode = FALSE
	EndGlobalSection
EndGlobal
