
Microsoft Visual Studio Solution File, Format Version 12.00
# Visual Studio 2012
Project("{FAE04EC0-301F-11D3-BF4B-00C04F79EFBC}") = "2.MostCommon", "2.MostCommon\2.MostCommon.csproj", "{B3AF19DD-1A9E-426E-8048-673DA92B5336}"
EndProject
Project("{FAE04EC0-301F-11D3-BF4B-00C04F79EFBC}") = "4.LinkedOut", "4.LinkedOut\4.LinkedOut.csproj", "{ACD08400-A4CD-4C10-95FB-5582C01C2C42}"
EndProject
Project("{FAE04EC0-301F-11D3-BF4B-00C04F79EFBC}") = "3.Phonebook", "3.Phonebook\3.Phonebook.csproj", "{C5E1B453-9DA0-42C6-9F0A-CAE7F53FAAED}"
EndProject
Global
	GlobalSection(SolutionConfigurationPlatforms) = preSolution
		Debug|Any CPU = Debug|Any CPU
		Release|Any CPU = Release|Any CPU
	EndGlobalSection
	GlobalSection(ProjectConfigurationPlatforms) = postSolution
		{B3AF19DD-1A9E-426E-8048-673DA92B5336}.Debug|Any CPU.ActiveCfg = Debug|Any CPU
		{B3AF19DD-1A9E-426E-8048-673DA92B5336}.Debug|Any CPU.Build.0 = Debug|Any CPU
		{B3AF19DD-1A9E-426E-8048-673DA92B5336}.Release|Any CPU.ActiveCfg = Release|Any CPU
		{B3AF19DD-1A9E-426E-8048-673DA92B5336}.Release|Any CPU.Build.0 = Release|Any CPU
		{ACD08400-A4CD-4C10-95FB-5582C01C2C42}.Debug|Any CPU.ActiveCfg = Debug|Any CPU
		{ACD08400-A4CD-4C10-95FB-5582C01C2C42}.Debug|Any CPU.Build.0 = Debug|Any CPU
		{ACD08400-A4CD-4C10-95FB-5582C01C2C42}.Release|Any CPU.ActiveCfg = Release|Any CPU
		{ACD08400-A4CD-4C10-95FB-5582C01C2C42}.Release|Any CPU.Build.0 = Release|Any CPU
		{C5E1B453-9DA0-42C6-9F0A-CAE7F53FAAED}.Debug|Any CPU.ActiveCfg = Debug|Any CPU
		{C5E1B453-9DA0-42C6-9F0A-CAE7F53FAAED}.Debug|Any CPU.Build.0 = Debug|Any CPU
		{C5E1B453-9DA0-42C6-9F0A-CAE7F53FAAED}.Release|Any CPU.ActiveCfg = Release|Any CPU
		{C5E1B453-9DA0-42C6-9F0A-CAE7F53FAAED}.Release|Any CPU.Build.0 = Release|Any CPU
	EndGlobalSection
	GlobalSection(SolutionProperties) = preSolution
		HideSolutionNode = FALSE
	EndGlobalSection
EndGlobal
