Microsoft Visual Studio Solution File, Format Version 12.00
# Visual Studio 2012
Project("{FAE04EC0-301F-11D3-BF4B-00C04F79EFBC}") = "7.Timer", "7.Timer\7.Timer.csproj", "{2CB614FB-566D-441E-B3E1-1A0D11A6A79C}"
EndProject
Project("{FAE04EC0-301F-11D3-BF4B-00C04F79EFBC}") = "1.StringBuilderExtensions", "1.StringBuilderExtensions\1.StringBuilderExtensions.csproj", "{35EEBE32-D683-4A9C-B5E4-7247B53DDE65}"
EndProject
Project("{FAE04EC0-301F-11D3-BF4B-00C04F79EFBC}") = "2.IEnumerableExtensions", "2.IEnumerableExtensions\2.IEnumerableExtensions.csproj", "{A680401F-FB4C-4B1A-B89A-E0DFD35F0AAF}"
EndProject
Project("{FAE04EC0-301F-11D3-BF4B-00C04F79EFBC}") = "3.Students", "3.Students\3.Students.csproj", "{6847B935-21E0-4BEC-8F09-1EFA393B264D}"
EndProject
Project("{FAE04EC0-301F-11D3-BF4B-00C04F79EFBC}") = "6.SelectNumbers", "6.SelectNumbers\6.SelectNumbers.csproj", "{8145E01A-7F4F-4E64-9E40-E382F94B9E6E}"
EndProject
Project("{FAE04EC0-301F-11D3-BF4B-00C04F79EFBC}") = "8.Events", "8.Events\8.Events.csproj", "{B6969B30-C1C8-47A7-98CF-528EBC268966}"
EndProject
Global
	GlobalSection(SolutionConfigurationPlatforms) = preSolution
		Debug|Any CPU = Debug|Any CPU
		Release|Any CPU = Release|Any CPU
	EndGlobalSection
	GlobalSection(ProjectConfigurationPlatforms) = postSolution
		{2CB614FB-566D-441E-B3E1-1A0D11A6A79C}.Debug|Any CPU.ActiveCfg = Debug|Any CPU
		{2CB614FB-566D-441E-B3E1-1A0D11A6A79C}.Debug|Any CPU.Build.0 = Debug|Any CPU
		{2CB614FB-566D-441E-B3E1-1A0D11A6A79C}.Release|Any CPU.ActiveCfg = Release|Any CPU
		{2CB614FB-566D-441E-B3E1-1A0D11A6A79C}.Release|Any CPU.Build.0 = Release|Any CPU
		{35EEBE32-D683-4A9C-B5E4-7247B53DDE65}.Debug|Any CPU.ActiveCfg = Debug|Any CPU
		{35EEBE32-D683-4A9C-B5E4-7247B53DDE65}.Debug|Any CPU.Build.0 = Debug|Any CPU
		{35EEBE32-D683-4A9C-B5E4-7247B53DDE65}.Release|Any CPU.ActiveCfg = Release|Any CPU
		{35EEBE32-D683-4A9C-B5E4-7247B53DDE65}.Release|Any CPU.Build.0 = Release|Any CPU
		{A680401F-FB4C-4B1A-B89A-E0DFD35F0AAF}.Debug|Any CPU.ActiveCfg = Debug|Any CPU
		{A680401F-FB4C-4B1A-B89A-E0DFD35F0AAF}.Debug|Any CPU.Build.0 = Debug|Any CPU
		{A680401F-FB4C-4B1A-B89A-E0DFD35F0AAF}.Release|Any CPU.ActiveCfg = Release|Any CPU
		{A680401F-FB4C-4B1A-B89A-E0DFD35F0AAF}.Release|Any CPU.Build.0 = Release|Any CPU
		{6847B935-21E0-4BEC-8F09-1EFA393B264D}.Debug|Any CPU.ActiveCfg = Debug|Any CPU
		{6847B935-21E0-4BEC-8F09-1EFA393B264D}.Debug|Any CPU.Build.0 = Debug|Any CPU
		{6847B935-21E0-4BEC-8F09-1EFA393B264D}.Release|Any CPU.ActiveCfg = Release|Any CPU
		{6847B935-21E0-4BEC-8F09-1EFA393B264D}.Release|Any CPU.Build.0 = Release|Any CPU
		{8145E01A-7F4F-4E64-9E40-E382F94B9E6E}.Debug|Any CPU.ActiveCfg = Debug|Any CPU
		{8145E01A-7F4F-4E64-9E40-E382F94B9E6E}.Debug|Any CPU.Build.0 = Debug|Any CPU
		{8145E01A-7F4F-4E64-9E40-E382F94B9E6E}.Release|Any CPU.ActiveCfg = Release|Any CPU
		{8145E01A-7F4F-4E64-9E40-E382F94B9E6E}.Release|Any CPU.Build.0 = Release|Any CPU
		{B6969B30-C1C8-47A7-98CF-528EBC268966}.Debug|Any CPU.ActiveCfg = Debug|Any CPU
		{B6969B30-C1C8-47A7-98CF-528EBC268966}.Debug|Any CPU.Build.0 = Debug|Any CPU
		{B6969B30-C1C8-47A7-98CF-528EBC268966}.Release|Any CPU.ActiveCfg = Release|Any CPU
		{B6969B30-C1C8-47A7-98CF-528EBC268966}.Release|Any CPU.Build.0 = Release|Any CPU
	EndGlobalSection
	GlobalSection(SolutionProperties) = preSolution
		HideSolutionNode = FALSE
	EndGlobalSection
EndGlobal
